
Microsoft Visual Studio Solution File, Format Version 12.00
# Visual Studio Version 17
VisualStudioVersion = 17.14.36202.13 d17.14
MinimumVisualStudioVersion = 10.0.40219.1
Project("{FAE04EC0-301F-11D3-BF4B-00C04F79EFBC}") = "LauncherHotupdate", "LauncherHotupdate.csproj", "{4175BA98-5B19-4651-BE7C-8E4A320B105D}"
EndProject
Global
	GlobalSection(SolutionConfigurationPlatforms) = preSolution
		Debug|Any CPU = Debug|Any CPU
		Release|Any CPU = Release|Any CPU
	EndGlobalSection
	GlobalSection(ProjectConfigurationPlatforms) = postSolution
		{4175BA98-5B19-4651-BE7C-8E4A320B105D}.Debug|Any CPU.ActiveCfg = Debug|Any CPU
		{4175BA98-5B19-4651-BE7C-8E4A320B105D}.Debug|Any CPU.Build.0 = Debug|Any CPU
		{4175BA98-5B19-4651-BE7C-8E4A320B105D}.Release|Any CPU.ActiveCfg = Release|Any CPU
		{4175BA98-5B19-4651-BE7C-8E4A320B105D}.Release|Any CPU.Build.0 = Release|Any CPU
	EndGlobalSection
	GlobalSection(SolutionProperties) = preSolution
		HideSolutionNode = FALSE
	EndGlobalSection
	GlobalSection(ExtensibilityGlobals) = postSolution
		SolutionGuid = {10412A09-42A3-4B43-848F-B33425C955F9}
	EndGlobalSection
EndGlobal
